// !$*UTF8*$!
{
	archiveVersion = 1;
	classes = {
	};
	objectVersion = 55;
	objects = {

/* Begin PBXBuildFile section */
		033E74E127BF08980064BD03 /* Tests_iOS.swift in Sources */ = {isa = PBXBuildFile; fileRef = 033E74E027BF08980064BD03 /* Tests_iOS.swift */; };
		033E74E327BF08980064BD03 /* Tests_iOSLaunchTests.swift in Sources */ = {isa = PBXBuildFile; fileRef = 033E74E227BF08980064BD03 /* Tests_iOSLaunchTests.swift */; };
		033E74ED27BF08980064BD03 /* Tests_macOS.swift in Sources */ = {isa = PBXBuildFile; fileRef = 033E74EC27BF08980064BD03 /* Tests_macOS.swift */; };
		033E74EF27BF08980064BD03 /* Tests_macOSLaunchTests.swift in Sources */ = {isa = PBXBuildFile; fileRef = 033E74EE27BF08980064BD03 /* Tests_macOSLaunchTests.swift */; };
		033E74F027BF08980064BD03 /* ScrumdingerApp.swift in Sources */ = {isa = PBXBuildFile; fileRef = 033E74C827BF08970064BD03 /* ScrumdingerApp.swift */; };
		033E74F127BF08980064BD03 /* ScrumdingerApp.swift in Sources */ = {isa = PBXBuildFile; fileRef = 033E74C827BF08970064BD03 /* ScrumdingerApp.swift */; };
		033E74F227BF08980064BD03 /* MeetingView.swift in Sources */ = {isa = PBXBuildFile; fileRef = 033E74C927BF08970064BD03 /* MeetingView.swift */; };
		033E74F327BF08980064BD03 /* MeetingView.swift in Sources */ = {isa = PBXBuildFile; fileRef = 033E74C927BF08970064BD03 /* MeetingView.swift */; };
		033E74F427BF08980064BD03 /* Assets.xcassets in Resources */ = {isa = PBXBuildFile; fileRef = 033E74CA27BF08980064BD03 /* Assets.xcassets */; };
		033E74F527BF08980064BD03 /* Assets.xcassets in Resources */ = {isa = PBXBuildFile; fileRef = 033E74CA27BF08980064BD03 /* Assets.xcassets */; };
		033E750627BF1B170064BD03 /* Theme.swift in Sources */ = {isa = PBXBuildFile; fileRef = 033E750527BF1B170064BD03 /* Theme.swift */; };
		033E750827BF1ED00064BD03 /* DailyScrum.swift in Sources */ = {isa = PBXBuildFile; fileRef = 033E750727BF1ED00064BD03 /* DailyScrum.swift */; };
		033E750C27BF289D0064BD03 /* CardView.swift in Sources */ = {isa = PBXBuildFile; fileRef = 033E750B27BF289D0064BD03 /* CardView.swift */; };
		035B23AF27C46EA4002CF474 /* ScrumsView.swift in Sources */ = {isa = PBXBuildFile; fileRef = 035B23AE27C46EA4002CF474 /* ScrumsView.swift */; };
		035B23B027C46EA4002CF474 /* ScrumsView.swift in Sources */ = {isa = PBXBuildFile; fileRef = 035B23AE27C46EA4002CF474 /* ScrumsView.swift */; };
		03821C2327D18A1E00610CD4 /* DetailEditView.swift in Sources */ = {isa = PBXBuildFile; fileRef = 03821C2227D18A1E00610CD4 /* DetailEditView.swift */; };
		03821C2427D18A1E00610CD4 /* DetailEditView.swift in Sources */ = {isa = PBXBuildFile; fileRef = 03821C2227D18A1E00610CD4 /* DetailEditView.swift */; };
		038AAE0927C6F44500547B1A /* DetailView.swift in Sources */ = {isa = PBXBuildFile; fileRef = 038AAE0827C6F44500547B1A /* DetailView.swift */; };
		038AAE0A27C6F44500547B1A /* DetailView.swift in Sources */ = {isa = PBXBuildFile; fileRef = 038AAE0827C6F44500547B1A /* DetailView.swift */; };
		0390F8B827C026C900923041 /* TrailingIconLabelStyle.swift in Sources */ = {isa = PBXBuildFile; fileRef = 0390F8B727C026C900923041 /* TrailingIconLabelStyle.swift */; };
		0390F8B927C026C900923041 /* TrailingIconLabelStyle.swift in Sources */ = {isa = PBXBuildFile; fileRef = 0390F8B727C026C900923041 /* TrailingIconLabelStyle.swift */; };
/* End PBXBuildFile section */

/* Begin PBXContainerItemProxy section */
		033E74DD27BF08980064BD03 /* PBXContainerItemProxy */ = {
			isa = PBXContainerItemProxy;
			containerPortal = 033E74C327BF08960064BD03 /* Project object */;
			proxyType = 1;
			remoteGlobalIDString = 033E74CE27BF08980064BD03;
			remoteInfo = "Scrumdinger (iOS)";
		};
		033E74E927BF08980064BD03 /* PBXContainerItemProxy */ = {
			isa = PBXContainerItemProxy;
			containerPortal = 033E74C327BF08960064BD03 /* Project object */;
			proxyType = 1;
			remoteGlobalIDString = 033E74D427BF08980064BD03;
			remoteInfo = "Scrumdinger (macOS)";
		};
/* End PBXContainerItemProxy section */

/* Begin PBXFileReference section */
		033E74C827BF08970064BD03 /* ScrumdingerApp.swift */ = {isa = PBXFileReference; lastKnownFileType = sourcecode.swift; path = ScrumdingerApp.swift; sourceTree = "<group>"; };
		033E74C927BF08970064BD03 /* MeetingView.swift */ = {isa = PBXFileReference; lastKnownFileType = sourcecode.swift; path = MeetingView.swift; sourceTree = "<group>"; };
		033E74CA27BF08980064BD03 /* Assets.xcassets */ = {isa = PBXFileReference; lastKnownFileType = folder.assetcatalog; path = Assets.xcassets; sourceTree = "<group>"; };
		033E74CF27BF08980064BD03 /* Scrumdinger.app */ = {isa = PBXFileReference; explicitFileType = wrapper.application; includeInIndex = 0; path = Scrumdinger.app; sourceTree = BUILT_PRODUCTS_DIR; };
		033E74D527BF08980064BD03 /* Scrumdinger.app */ = {isa = PBXFileReference; explicitFileType = wrapper.application; includeInIndex = 0; path = Scrumdinger.app; sourceTree = BUILT_PRODUCTS_DIR; };
		033E74D727BF08980064BD03 /* macOS.entitlements */ = {isa = PBXFileReference; lastKnownFileType = text.plist.entitlements; path = macOS.entitlements; sourceTree = "<group>"; };
		033E74DC27BF08980064BD03 /* Tests iOS.xctest */ = {isa = PBXFileReference; explicitFileType = wrapper.cfbundle; includeInIndex = 0; path = "Tests iOS.xctest"; sourceTree = BUILT_PRODUCTS_DIR; };
		033E74E027BF08980064BD03 /* Tests_iOS.swift */ = {isa = PBXFileReference; lastKnownFileType = sourcecode.swift; path = Tests_iOS.swift; sourceTree = "<group>"; };
		033E74E227BF08980064BD03 /* Tests_iOSLaunchTests.swift */ = {isa = PBXFileReference; lastKnownFileType = sourcecode.swift; path = Tests_iOSLaunchTests.swift; sourceTree = "<group>"; };
		033E74E827BF08980064BD03 /* Tests macOS.xctest */ = {isa = PBXFileReference; explicitFileType = wrapper.cfbundle; includeInIndex = 0; path = "Tests macOS.xctest"; sourceTree = BUILT_PRODUCTS_DIR; };
		033E74EC27BF08980064BD03 /* Tests_macOS.swift */ = {isa = PBXFileReference; lastKnownFileType = sourcecode.swift; path = Tests_macOS.swift; sourceTree = "<group>"; };
		033E74EE27BF08980064BD03 /* Tests_macOSLaunchTests.swift */ = {isa = PBXFileReference; lastKnownFileType = sourcecode.swift; path = Tests_macOSLaunchTests.swift; sourceTree = "<group>"; };
		033E750527BF1B170064BD03 /* Theme.swift */ = {isa = PBXFileReference; lastKnownFileType = sourcecode.swift; path = Theme.swift; sourceTree = "<group>"; };
		033E750727BF1ED00064BD03 /* DailyScrum.swift */ = {isa = PBXFileReference; lastKnownFileType = sourcecode.swift; path = DailyScrum.swift; sourceTree = "<group>"; };
		033E750B27BF289D0064BD03 /* CardView.swift */ = {isa = PBXFileReference; lastKnownFileType = sourcecode.swift; path = CardView.swift; sourceTree = "<group>"; };
		035B23AE27C46EA4002CF474 /* ScrumsView.swift */ = {isa = PBXFileReference; lastKnownFileType = sourcecode.swift; path = ScrumsView.swift; sourceTree = "<group>"; };
		03821C2227D18A1E00610CD4 /* DetailEditView.swift */ = {isa = PBXFileReference; lastKnownFileType = sourcecode.swift; path = DetailEditView.swift; sourceTree = "<group>"; };
		038AAE0827C6F44500547B1A /* DetailView.swift */ = {isa = PBXFileReference; lastKnownFileType = sourcecode.swift; path = DetailView.swift; sourceTree = "<group>"; };
		0390F8B727C026C900923041 /* TrailingIconLabelStyle.swift */ = {isa = PBXFileReference; lastKnownFileType = sourcecode.swift; path = TrailingIconLabelStyle.swift; sourceTree = "<group>"; };
/* End PBXFileReference section */

/* Begin PBXFrameworksBuildPhase section */
		033E74CC27BF08980064BD03 /* Frameworks */ = {
			isa = PBXFrameworksBuildPhase;
			buildActionMask = 2147483647;
			files = (
			);
			runOnlyForDeploymentPostprocessing = 0;
		};
		033E74D227BF08980064BD03 /* Frameworks */ = {
			isa = PBXFrameworksBuildPhase;
			buildActionMask = 2147483647;
			files = (
			);
			runOnlyForDeploymentPostprocessing = 0;
		};
		033E74D927BF08980064BD03 /* Frameworks */ = {
			isa = PBXFrameworksBuildPhase;
			buildActionMask = 2147483647;
			files = (
			);
			runOnlyForDeploymentPostprocessing = 0;
		};
		033E74E527BF08980064BD03 /* Frameworks */ = {
			isa = PBXFrameworksBuildPhase;
			buildActionMask = 2147483647;
			files = (
			);
			runOnlyForDeploymentPostprocessing = 0;
		};
/* End PBXFrameworksBuildPhase section */

/* Begin PBXGroup section */
		033E74C227BF08960064BD03 = {
			isa = PBXGroup;
			children = (
				033E750427BF1AF60064BD03 /* Modles */,
				033E74C727BF08970064BD03 /* Shared */,
				033E74D627BF08980064BD03 /* macOS */,
				033E74DF27BF08980064BD03 /* Tests iOS */,
				033E74EB27BF08980064BD03 /* Tests macOS */,
				033E74D027BF08980064BD03 /* Products */,
			);
			sourceTree = "<group>";
		};
		033E74C727BF08970064BD03 /* Shared */ = {
			isa = PBXGroup;
			children = (
				033E74C827BF08970064BD03 /* ScrumdingerApp.swift */,
				033E74C927BF08970064BD03 /* MeetingView.swift */,
				033E750B27BF289D0064BD03 /* CardView.swift */,
				033E74CA27BF08980064BD03 /* Assets.xcassets */,
				0390F8B727C026C900923041 /* TrailingIconLabelStyle.swift */,
				035B23AE27C46EA4002CF474 /* ScrumsView.swift */,
				038AAE0827C6F44500547B1A /* DetailView.swift */,
				03821C2227D18A1E00610CD4 /* DetailEditView.swift */,
			);
			path = Shared;
			sourceTree = "<group>";
		};
		033E74D027BF08980064BD03 /* Products */ = {
			isa = PBXGroup;
			children = (
				033E74CF27BF08980064BD03 /* Scrumdinger.app */,
				033E74D527BF08980064BD03 /* Scrumdinger.app */,
				033E74DC27BF08980064BD03 /* Tests iOS.xctest */,
				033E74E827BF08980064BD03 /* Tests macOS.xctest */,
			);
			name = Products;
			sourceTree = "<group>";
		};
		033E74D627BF08980064BD03 /* macOS */ = {
			isa = PBXGroup;
			children = (
				033E74D727BF08980064BD03 /* macOS.entitlements */,
			);
			path = macOS;
			sourceTree = "<group>";
		};
		033E74DF27BF08980064BD03 /* Tests iOS */ = {
			isa = PBXGroup;
			children = (
				033E74E027BF08980064BD03 /* Tests_iOS.swift */,
				033E74E227BF08980064BD03 /* Tests_iOSLaunchTests.swift */,
			);
			path = "Tests iOS";
			sourceTree = "<group>";
		};
		033E74EB27BF08980064BD03 /* Tests macOS */ = {
			isa = PBXGroup;
			children = (
				033E74EC27BF08980064BD03 /* Tests_macOS.swift */,
				033E74EE27BF08980064BD03 /* Tests_macOSLaunchTests.swift */,
			);
			path = "Tests macOS";
			sourceTree = "<group>";
		};
		033E750427BF1AF60064BD03 /* Modles */ = {
			isa = PBXGroup;
			children = (
				033E750527BF1B170064BD03 /* Theme.swift */,
				033E750727BF1ED00064BD03 /* DailyScrum.swift */,
			);
			path = Modles;
			sourceTree = "<group>";
		};
/* End PBXGroup section */

/* Begin PBXNativeTarget section */
		033E74CE27BF08980064BD03 /* Scrumdinger (iOS) */ = {
			isa = PBXNativeTarget;
			buildConfigurationList = 033E74F827BF08980064BD03 /* Build configuration list for PBXNativeTarget "Scrumdinger (iOS)" */;
			buildPhases = (
				033E74CB27BF08980064BD03 /* Sources */,
				033E74CC27BF08980064BD03 /* Frameworks */,
				033E74CD27BF08980064BD03 /* Resources */,
			);
			buildRules = (
			);
			dependencies = (
			);
			name = "Scrumdinger (iOS)";
			productName = "Scrumdinger (iOS)";
			productReference = 033E74CF27BF08980064BD03 /* Scrumdinger.app */;
			productType = "com.apple.product-type.application";
		};
		033E74D427BF08980064BD03 /* Scrumdinger (macOS) */ = {
			isa = PBXNativeTarget;
			buildConfigurationList = 033E74FB27BF08980064BD03 /* Build configuration list for PBXNativeTarget "Scrumdinger (macOS)" */;
			buildPhases = (
				033E74D127BF08980064BD03 /* Sources */,
				033E74D227BF08980064BD03 /* Frameworks */,
				033E74D327BF08980064BD03 /* Resources */,
			);
			buildRules = (
			);
			dependencies = (
			);
			name = "Scrumdinger (macOS)";
			productName = "Scrumdinger (macOS)";
			productReference = 033E74D527BF08980064BD03 /* Scrumdinger.app */;
			productType = "com.apple.product-type.application";
		};
		033E74DB27BF08980064BD03 /* Tests iOS */ = {
			isa = PBXNativeTarget;
			buildConfigurationList = 033E74FE27BF08980064BD03 /* Build configuration list for PBXNativeTarget "Tests iOS" */;
			buildPhases = (
				033E74D827BF08980064BD03 /* Sources */,
				033E74D927BF08980064BD03 /* Frameworks */,
				033E74DA27BF08980064BD03 /* Resources */,
			);
			buildRules = (
			);
			dependencies = (
				033E74DE27BF08980064BD03 /* PBXTargetDependency */,
			);
			name = "Tests iOS";
			productName = "Tests iOS";
			productReference = 033E74DC27BF08980064BD03 /* Tests iOS.xctest */;
			productType = "com.apple.product-type.bundle.ui-testing";
		};
		033E74E727BF08980064BD03 /* Tests macOS */ = {
			isa = PBXNativeTarget;
			buildConfigurationList = 033E750127BF08980064BD03 /* Build configuration list for PBXNativeTarget "Tests macOS" */;
			buildPhases = (
				033E74E427BF08980064BD03 /* Sources */,
				033E74E527BF08980064BD03 /* Frameworks */,
				033E74E627BF08980064BD03 /* Resources */,
			);
			buildRules = (
			);
			dependencies = (
				033E74EA27BF08980064BD03 /* PBXTargetDependency */,
			);
			name = "Tests macOS";
			productName = "Tests macOS";
			productReference = 033E74E827BF08980064BD03 /* Tests macOS.xctest */;
			productType = "com.apple.product-type.bundle.ui-testing";
		};
/* End PBXNativeTarget section */

/* Begin PBXProject section */
		033E74C327BF08960064BD03 /* Project object */ = {
			isa = PBXProject;
			attributes = {
				BuildIndependentTargetsInParallel = 1;
				LastSwiftUpdateCheck = 1320;
				LastUpgradeCheck = 1320;
				TargetAttributes = {
					033E74CE27BF08980064BD03 = {
						CreatedOnToolsVersion = 13.2.1;
					};
					033E74D427BF08980064BD03 = {
						CreatedOnToolsVersion = 13.2.1;
					};
					033E74DB27BF08980064BD03 = {
						CreatedOnToolsVersion = 13.2.1;
						TestTargetID = 033E74CE27BF08980064BD03;
					};
					033E74E727BF08980064BD03 = {
						CreatedOnToolsVersion = 13.2.1;
						TestTargetID = 033E74D427BF08980064BD03;
					};
				};
			};
			buildConfigurationList = 033E74C627BF08960064BD03 /* Build configuration list for PBXProject "Scrumdinger" */;
			compatibilityVersion = "Xcode 13.0";
			developmentRegion = en;
			hasScannedForEncodings = 0;
			knownRegions = (
				en,
				Base,
			);
			mainGroup = 033E74C227BF08960064BD03;
			productRefGroup = 033E74D027BF08980064BD03 /* Products */;
			projectDirPath = "";
			projectRoot = "";
			targets = (
				033E74CE27BF08980064BD03 /* Scrumdinger (iOS) */,
				033E74D427BF08980064BD03 /* Scrumdinger (macOS) */,
				033E74DB27BF08980064BD03 /* Tests iOS */,
				033E74E727BF08980064BD03 /* Tests macOS */,
			);
		};
/* End PBXProject section */

/* Begin PBXResourcesBuildPhase section */
		033E74CD27BF08980064BD03 /* Resources */ = {
			isa = PBXResourcesBuildPhase;
			buildActionMask = 2147483647;
			files = (
				033E74F427BF08980064BD03 /* Assets.xcassets in Resources */,
			);
			runOnlyForDeploymentPostprocessing = 0;
		};
		033E74D327BF08980064BD03 /* Resources */ = {
			isa = PBXResourcesBuildPhase;
			buildActionMask = 2147483647;
			files = (
				033E74F527BF08980064BD03 /* Assets.xcassets in Resources */,
			);
			runOnlyForDeploymentPostprocessing = 0;
		};
		033E74DA27BF08980064BD03 /* Resources */ = {
			isa = PBXResourcesBuildPhase;
			buildActionMask = 2147483647;
			files = (
			);
			runOnlyForDeploymentPostprocessing = 0;
		};
		033E74E627BF08980064BD03 /* Resources */ = {
			isa = PBXResourcesBuildPhase;
			buildActionMask = 2147483647;
			files = (
			);
			runOnlyForDeploymentPostprocessing = 0;
		};
/* End PBXResourcesBuildPhase section */

/* Begin PBXSourcesBuildPhase section */
		033E74CB27BF08980064BD03 /* Sources */ = {
			isa = PBXSourcesBuildPhase;
			buildActionMask = 2147483647;
			files = (
				033E750627BF1B170064BD03 /* Theme.swift in Sources */,
				038AAE0927C6F44500547B1A /* DetailView.swift in Sources */,
				03821C2327D18A1E00610CD4 /* DetailEditView.swift in Sources */,
				0390F8B827C026C900923041 /* TrailingIconLabelStyle.swift in Sources */,
				033E750827BF1ED00064BD03 /* DailyScrum.swift in Sources */,
				035B23AF27C46EA4002CF474 /* ScrumsView.swift in Sources */,
				033E74F227BF08980064BD03 /* MeetingView.swift in Sources */,
				033E74F027BF08980064BD03 /* ScrumdingerApp.swift in Sources */,
				033E750C27BF289D0064BD03 /* CardView.swift in Sources */,
			);
			runOnlyForDeploymentPostprocessing = 0;
		};
		033E74D127BF08980064BD03 /* Sources */ = {
			isa = PBXSourcesBuildPhase;
			buildActionMask = 2147483647;
			files = (
				033E74F327BF08980064BD03 /* MeetingView.swift in Sources */,
				0390F8B927C026C900923041 /* TrailingIconLabelStyle.swift in Sources */,
				033E74F127BF08980064BD03 /* ScrumdingerApp.swift in Sources */,
				038AAE0A27C6F44500547B1A /* DetailView.swift in Sources */,
				035B23B027C46EA4002CF474 /* ScrumsView.swift in Sources */,
				03821C2427D18A1E00610CD4 /* DetailEditView.swift in Sources */,
			);
			runOnlyForDeploymentPostprocessing = 0;
		};
		033E74D827BF08980064BD03 /* Sources */ = {
			isa = PBXSourcesBuildPhase;
			buildActionMask = 2147483647;
			files = (
				033E74E327BF08980064BD03 /* Tests_iOSLaunchTests.swift in Sources */,
				033E74E127BF08980064BD03 /* Tests_iOS.swift in Sources */,
			);
			runOnlyForDeploymentPostprocessing = 0;
		};
		033E74E427BF08980064BD03 /* Sources */ = {
			isa = PBXSourcesBuildPhase;
			buildActionMask = 2147483647;
			files = (
				033E74EF27BF08980064BD03 /* Tests_macOSLaunchTests.swift in Sources */,
				033E74ED27BF08980064BD03 /* Tests_macOS.swift in Sources */,
			);
			runOnlyForDeploymentPostprocessing = 0;
		};
/* End PBXSourcesBuildPhase section */

/* Begin PBXTargetDependency section */
		033E74DE27BF08980064BD03 /* PBXTargetDependency */ = {
			isa = PBXTargetDependency;
			target = 033E74CE27BF08980064BD03 /* Scrumdinger (iOS) */;
			targetProxy = 033E74DD27BF08980064BD03 /* PBXContainerItemProxy */;
		};
		033E74EA27BF08980064BD03 /* PBXTargetDependency */ = {
			isa = PBXTargetDependency;
			target = 033E74D427BF08980064BD03 /* Scrumdinger (macOS) */;
			targetProxy = 033E74E927BF08980064BD03 /* PBXContainerItemProxy */;
		};
/* End PBXTargetDependency section */

/* Begin XCBuildConfiguration section */
		033E74F627BF08980064BD03 /* Debug */ = {
			isa = XCBuildConfiguration;
			buildSettings = {
				ALWAYS_SEARCH_USER_PATHS = NO;
				CLANG_ANALYZER_NONNULL = YES;
				CLANG_ANALYZER_NUMBER_OBJECT_CONVERSION = YES_AGGRESSIVE;
				CLANG_CXX_LANGUAGE_STANDARD = "gnu++17";
				CLANG_CXX_LIBRARY = "libc++";
				CLANG_ENABLE_MODULES = YES;
				CLANG_ENABLE_OBJC_ARC = YES;
				CLANG_ENABLE_OBJC_WEAK = YES;
				CLANG_WARN_BLOCK_CAPTURE_AUTORELEASING = YES;
				CLANG_WARN_BOOL_CONVERSION = YES;
				CLANG_WARN_COMMA = YES;
				CLANG_WARN_CONSTANT_CONVERSION = YES;
				CLANG_WARN_DEPRECATED_OBJC_IMPLEMENTATIONS = YES;
				CLANG_WARN_DIRECT_OBJC_ISA_USAGE = YES_ERROR;
				CLANG_WARN_DOCUMENTATION_COMMENTS = YES;
				CLANG_WARN_EMPTY_BODY = YES;
				CLANG_WARN_ENUM_CONVERSION = YES;
				CLANG_WARN_INFINITE_RECURSION = YES;
				CLANG_WARN_INT_CONVERSION = YES;
				CLANG_WARN_NON_LITERAL_NULL_CONVERSION = YES;
				CLANG_WARN_OBJC_IMPLICIT_RETAIN_SELF = YES;
				CLANG_WARN_OBJC_LITERAL_CONVERSION = YES;
				CLANG_WARN_OBJC_ROOT_CLASS = YES_ERROR;
				CLANG_WARN_QUOTED_INCLUDE_IN_FRAMEWORK_HEADER = YES;
				CLANG_WARN_RANGE_LOOP_ANALYSIS = YES;
				CLANG_WARN_STRICT_PROTOTYPES = YES;
				CLANG_WARN_SUSPICIOUS_MOVE = YES;
				CLANG_WARN_UNGUARDED_AVAILABILITY = YES_AGGRESSIVE;
				CLANG_WARN_UNREACHABLE_CODE = YES;
				CLANG_WARN__DUPLICATE_METHOD_MATCH = YES;
				COPY_PHASE_STRIP = NO;
				DEBUG_INFORMATION_FORMAT = dwarf;
				ENABLE_STRICT_OBJC_MSGSEND = YES;
				ENABLE_TESTABILITY = YES;
				GCC_C_LANGUAGE_STANDARD = gnu11;
				GCC_DYNAMIC_NO_PIC = NO;
				GCC_NO_COMMON_BLOCKS = YES;
				GCC_OPTIMIZATION_LEVEL = 0;
				GCC_PREPROCESSOR_DEFINITIONS = (
					"DEBUG=1",
					"$(inherited)",
				);
				GCC_WARN_64_TO_32_BIT_CONVERSION = YES;
				GCC_WARN_ABOUT_RETURN_TYPE = YES_ERROR;
				GCC_WARN_UNDECLARED_SELECTOR = YES;
				GCC_WARN_UNINITIALIZED_AUTOS = YES_AGGRESSIVE;
				GCC_WARN_UNUSED_FUNCTION = YES;
				GCC_WARN_UNUSED_VARIABLE = YES;
				MTL_ENABLE_DEBUG_INFO = INCLUDE_SOURCE;
				MTL_FAST_MATH = YES;
				ONLY_ACTIVE_ARCH = YES;
				SWIFT_ACTIVE_COMPILATION_CONDITIONS = DEBUG;
				SWIFT_OPTIMIZATION_LEVEL = "-Onone";
			};
			name = Debug;
		};
		033E74F727BF08980064BD03 /* Release */ = {
			isa = XCBuildConfiguration;
			buildSettings = {
				ALWAYS_SEARCH_USER_PATHS = NO;
				CLANG_ANALYZER_NONNULL = YES;
				CLANG_ANALYZER_NUMBER_OBJECT_CONVERSION = YES_AGGRESSIVE;
				CLANG_CXX_LANGUAGE_STANDARD = "gnu++17";
				CLANG_CXX_LIBRARY = "libc++";
				CLANG_ENABLE_MODULES = YES;
				CLANG_ENABLE_OBJC_ARC = YES;
				CLANG_ENABLE_OBJC_WEAK = YES;
				CLANG_WARN_BLOCK_CAPTURE_AUTORELEASING = YES;
				CLANG_WARN_BOOL_CONVERSION = YES;
				CLANG_WARN_COMMA = YES;
				CLANG_WARN_CONSTANT_CONVERSION = YES;
				CLANG_WARN_DEPRECATED_OBJC_IMPLEMENTATIONS = YES;
				CLANG_WARN_DIRECT_OBJC_ISA_USAGE = YES_ERROR;
				CLANG_WARN_DOCUMENTATION_COMMENTS = YES;
				CLANG_WARN_EMPTY_BODY = YES;
				CLANG_WARN_ENUM_CONVERSION = YES;
				CLANG_WARN_INFINITE_RECURSION = YES;
				CLANG_WARN_INT_CONVERSION = YES;
				CLANG_WARN_NON_LITERAL_NULL_CONVERSION = YES;
				CLANG_WARN_OBJC_IMPLICIT_RETAIN_SELF = YES;
				CLANG_WARN_OBJC_LITERAL_CONVERSION = YES;
				CLANG_WARN_OBJC_ROOT_CLASS = YES_ERROR;
				CLANG_WARN_QUOTED_INCLUDE_IN_FRAMEWORK_HEADER = YES;
				CLANG_WARN_RANGE_LOOP_ANALYSIS = YES;
				CLANG_WARN_STRICT_PROTOTYPES = YES;
				CLANG_WARN_SUSPICIOUS_MOVE = YES;
				CLANG_WARN_UNGUARDED_AVAILABILITY = YES_AGGRESSIVE;
				CLANG_WARN_UNREACHABLE_CODE = YES;
				CLANG_WARN__DUPLICATE_METHOD_MATCH = YES;
				COPY_PHASE_STRIP = NO;
				DEBUG_INFORMATION_FORMAT = "dwarf-with-dsym";
				ENABLE_NS_ASSERTIONS = NO;
				ENABLE_STRICT_OBJC_MSGSEND = YES;
				GCC_C_LANGUAGE_STANDARD = gnu11;
				GCC_NO_COMMON_BLOCKS = YES;
				GCC_WARN_64_TO_32_BIT_CONVERSION = YES;
				GCC_WARN_ABOUT_RETURN_TYPE = YES_ERROR;
				GCC_WARN_UNDECLARED_SELECTOR = YES;
				GCC_WARN_UNINITIALIZED_AUTOS = YES_AGGRESSIVE;
				GCC_WARN_UNUSED_FUNCTION = YES;
				GCC_WARN_UNUSED_VARIABLE = YES;
				MTL_ENABLE_DEBUG_INFO = NO;
				MTL_FAST_MATH = YES;
				SWIFT_COMPILATION_MODE = wholemodule;
				SWIFT_OPTIMIZATION_LEVEL = "-O";
			};
			name = Release;
		};
		033E74F927BF08980064BD03 /* Debug */ = {
			isa = XCBuildConfiguration;
			buildSettings = {
				ASSETCATALOG_COMPILER_APPICON_NAME = AppIcon;
				ASSETCATALOG_COMPILER_GLOBAL_ACCENT_COLOR_NAME = AccentColor;
				CODE_SIGN_STYLE = Automatic;
				CURRENT_PROJECT_VERSION = 1;
				ENABLE_PREVIEWS = YES;
				GENERATE_INFOPLIST_FILE = YES;
				INFOPLIST_KEY_UIApplicationSceneManifest_Generation = YES;
				INFOPLIST_KEY_UIApplicationSupportsIndirectInputEvents = YES;
				INFOPLIST_KEY_UILaunchScreen_Generation = YES;
				INFOPLIST_KEY_UISupportedInterfaceOrientations_iPad = "UIInterfaceOrientationPortrait UIInterfaceOrientationPortraitUpsideDown UIInterfaceOrientationLandscapeLeft UIInterfaceOrientationLandscapeRight";
				INFOPLIST_KEY_UISupportedInterfaceOrientations_iPhone = "UIInterfaceOrientationPortrait UIInterfaceOrientationLandscapeLeft UIInterfaceOrientationLandscapeRight";
				IPHONEOS_DEPLOYMENT_TARGET = 15.2;
				LD_RUNPATH_SEARCH_PATHS = (
					"$(inherited)",
					"@executable_path/Frameworks",
				);
				MARKETING_VERSION = 1.0;
				PRODUCT_BUNDLE_IDENTIFIER = com.ashlynn.Scrumdinger;
				PRODUCT_NAME = Scrumdinger;
				SDKROOT = iphoneos;
				SWIFT_EMIT_LOC_STRINGS = YES;
				SWIFT_VERSION = 5.0;
				TARGETED_DEVICE_FAMILY = "1,2";
			};
			name = Debug;
		};
		033E74FA27BF08980064BD03 /* Release */ = {
			isa = XCBuildConfiguration;
			buildSettings = {
				ASSETCATALOG_COMPILER_APPICON_NAME = AppIcon;
				ASSETCATALOG_COMPILER_GLOBAL_ACCENT_COLOR_NAME = AccentColor;
				CODE_SIGN_STYLE = Automatic;
				CURRENT_PROJECT_VERSION = 1;
				ENABLE_PREVIEWS = YES;
				GENERATE_INFOPLIST_FILE = YES;
				INFOPLIST_KEY_UIApplicationSceneManifest_Generation = YES;
				INFOPLIST_KEY_UIApplicationSupportsIndirectInputEvents = YES;
				INFOPLIST_KEY_UILaunchScreen_Generation = YES;
				INFOPLIST_KEY_UISupportedInterfaceOrientations_iPad = "UIInterfaceOrientationPortrait UIInterfaceOrientationPortraitUpsideDown UIInterfaceOrientationLandscapeLeft UIInterfaceOrientationLandscapeRight";
				INFOPLIST_KEY_UISupportedInterfaceOrientations_iPhone = "UIInterfaceOrientationPortrait UIInterfaceOrientationLandscapeLeft UIInterfaceOrientationLandscapeRight";
				IPHONEOS_DEPLOYMENT_TARGET = 15.2;
				LD_RUNPATH_SEARCH_PATHS = (
					"$(inherited)",
					"@executable_path/Frameworks",
				);
				MARKETING_VERSION = 1.0;
				PRODUCT_BUNDLE_IDENTIFIER = com.ashlynn.Scrumdinger;
				PRODUCT_NAME = Scrumdinger;
				SDKROOT = iphoneos;
				SWIFT_EMIT_LOC_STRINGS = YES;
				SWIFT_VERSION = 5.0;
				TARGETED_DEVICE_FAMILY = "1,2";
				VALIDATE_PRODUCT = YES;
			};
			name = Release;
		};
		033E74FC27BF08980064BD03 /* Debug */ = {
			isa = XCBuildConfiguration;
			buildSettings = {
				ASSETCATALOG_COMPILER_APPICON_NAME = AppIcon;
				ASSETCATALOG_COMPILER_GLOBAL_ACCENT_COLOR_NAME = AccentColor;
				CODE_SIGN_ENTITLEMENTS = macOS/macOS.entitlements;
				CODE_SIGN_STYLE = Automatic;
				COMBINE_HIDPI_IMAGES = YES;
				CURRENT_PROJECT_VERSION = 1;
				ENABLE_PREVIEWS = YES;
				GENERATE_INFOPLIST_FILE = YES;
				INFOPLIST_KEY_NSHumanReadableCopyright = "";
				LD_RUNPATH_SEARCH_PATHS = (
					"$(inherited)",
					"@executable_path/../Frameworks",
				);
				MACOSX_DEPLOYMENT_TARGET = 12.1;
				MARKETING_VERSION = 1.0;
				PRODUCT_BUNDLE_IDENTIFIER = com.ashlynn.Scrumdinger;
				PRODUCT_NAME = Scrumdinger;
				SDKROOT = macosx;
				SWIFT_EMIT_LOC_STRINGS = YES;
				SWIFT_VERSION = 5.0;
			};
			name = Debug;
		};
		033E74FD27BF08980064BD03 /* Release */ = {
			isa = XCBuildConfiguration;
			buildSettings = {
				ASSETCATALOG_COMPILER_APPICON_NAME = AppIcon;
				ASSETCATALOG_COMPILER_GLOBAL_ACCENT_COLOR_NAME = AccentColor;
				CODE_SIGN_ENTITLEMENTS = macOS/macOS.entitlements;
				CODE_SIGN_STYLE = Automatic;
				COMBINE_HIDPI_IMAGES = YES;
				CURRENT_PROJECT_VERSION = 1;
				ENABLE_PREVIEWS = YES;
				GENERATE_INFOPLIST_FILE = YES;
				INFOPLIST_KEY_NSHumanReadableCopyright = "";
				LD_RUNPATH_SEARCH_PATHS = (
					"$(inherited)",
					"@executable_path/../Frameworks",
				);
				MACOSX_DEPLOYMENT_TARGET = 12.1;
				MARKETING_VERSION = 1.0;
				PRODUCT_BUNDLE_IDENTIFIER = com.ashlynn.Scrumdinger;
				PRODUCT_NAME = Scrumdinger;
				SDKROOT = macosx;
				SWIFT_EMIT_LOC_STRINGS = YES;
				SWIFT_VERSION = 5.0;
			};
			name = Release;
		};
		033E74FF27BF08980064BD03 /* Debug */ = {
			isa = XCBuildConfiguration;
			buildSettings = {
				ALWAYS_EMBED_SWIFT_STANDARD_LIBRARIES = YES;
				CODE_SIGN_STYLE = Automatic;
				CURRENT_PROJECT_VERSION = 1;
				GENERATE_INFOPLIST_FILE = YES;
				IPHONEOS_DEPLOYMENT_TARGET = 15.2;
				MARKETING_VERSION = 1.0;
				PRODUCT_BUNDLE_IDENTIFIER = "com.ashlynn.Tests-iOS";
				PRODUCT_NAME = "$(TARGET_NAME)";
				SDKROOT = iphoneos;
				SWIFT_EMIT_LOC_STRINGS = NO;
				SWIFT_VERSION = 5.0;
				TARGETED_DEVICE_FAMILY = "1,2";
				TEST_TARGET_NAME = "Scrumdinger (iOS)";
			};
			name = Debug;
		};
		033E750027BF08980064BD03 /* Release */ = {
			isa = XCBuildConfiguration;
			buildSettings = {
				ALWAYS_EMBED_SWIFT_STANDARD_LIBRARIES = YES;
				CODE_SIGN_STYLE = Automatic;
				CURRENT_PROJECT_VERSION = 1;
				GENERATE_INFOPLIST_FILE = YES;
				IPHONEOS_DEPLOYMENT_TARGET = 15.2;
				MARKETING_VERSION = 1.0;
				PRODUCT_BUNDLE_IDENTIFIER = "com.ashlynn.Tests-iOS";
				PRODUCT_NAME = "$(TARGET_NAME)";
				SDKROOT = iphoneos;
				SWIFT_EMIT_LOC_STRINGS = NO;
				SWIFT_VERSION = 5.0;
				TARGETED_DEVICE_FAMILY = "1,2";
				TEST_TARGET_NAME = "Scrumdinger (iOS)";
				VALIDATE_PRODUCT = YES;
			};
			name = Release;
		};
		033E750227BF08980064BD03 /* Debug */ = {
			isa = XCBuildConfiguration;
			buildSettings = {
				ALWAYS_EMBED_SWIFT_STANDARD_LIBRARIES = YES;
				CODE_SIGN_STYLE = Automatic;
				CURRENT_PROJECT_VERSION = 1;
				GENERATE_INFOPLIST_FILE = YES;
				MACOSX_DEPLOYMENT_TARGET = 12.1;
				MARKETING_VERSION = 1.0;
				PRODUCT_BUNDLE_IDENTIFIER = "com.ashlynn.Tests-macOS";
				PRODUCT_NAME = "$(TARGET_NAME)";
				SDKROOT = macosx;
				SWIFT_EMIT_LOC_STRINGS = NO;
				SWIFT_VERSION = 5.0;
				TEST_TARGET_NAME = "Scrumdinger (macOS)";
			};
			name = Debug;
		};
		033E750327BF08980064BD03 /* Release */ = {
			isa = XCBuildConfiguration;
			buildSettings = {
				ALWAYS_EMBED_SWIFT_STANDARD_LIBRARIES = YES;
				CODE_SIGN_STYLE = Automatic;
				CURRENT_PROJECT_VERSION = 1;
				GENERATE_INFOPLIST_FILE = YES;
				MACOSX_DEPLOYMENT_TARGET = 12.1;
				MARKETING_VERSION = 1.0;
				PRODUCT_BUNDLE_IDENTIFIER = "com.ashlynn.Tests-macOS";
				PRODUCT_NAME = "$(TARGET_NAME)";
				SDKROOT = macosx;
				SWIFT_EMIT_LOC_STRINGS = NO;
				SWIFT_VERSION = 5.0;
				TEST_TARGET_NAME = "Scrumdinger (macOS)";
			};
			name = Release;
		};
/* End XCBuildConfiguration section */

/* Begin XCConfigurationList section */
		033E74C627BF08960064BD03 /* Build configuration list for PBXProject "Scrumdinger" */ = {
			isa = XCConfigurationList;
			buildConfigurations = (
				033E74F627BF08980064BD03 /* Debug */,
				033E74F727BF08980064BD03 /* Release */,
			);
			defaultConfigurationIsVisible = 0;
			defaultConfigurationName = Release;
		};
		033E74F827BF08980064BD03 /* Build configuration list for PBXNativeTarget "Scrumdinger (iOS)" */ = {
			isa = XCConfigurationList;
			buildConfigurations = (
				033E74F927BF08980064BD03 /* Debug */,
				033E74FA27BF08980064BD03 /* Release */,
			);
			defaultConfigurationIsVisible = 0;
			defaultConfigurationName = Release;
		};
		033E74FB27BF08980064BD03 /* Build configuration list for PBXNativeTarget "Scrumdinger (macOS)" */ = {
			isa = XCConfigurationList;
			buildConfigurations = (
				033E74FC27BF08980064BD03 /* Debug */,
				033E74FD27BF08980064BD03 /* Release */,
			);
			defaultConfigurationIsVisible = 0;
			defaultConfigurationName = Release;
		};
		033E74FE27BF08980064BD03 /* Build configuration list for PBXNativeTarget "Tests iOS" */ = {
			isa = XCConfigurationList;
			buildConfigurations = (
				033E74FF27BF08980064BD03 /* Debug */,
				033E750027BF08980064BD03 /* Release */,
			);
			defaultConfigurationIsVisible = 0;
			defaultConfigurationName = Release;
		};
		033E750127BF08980064BD03 /* Build configuration list for PBXNativeTarget "Tests macOS" */ = {
			isa = XCConfigurationList;
			buildConfigurations = (
				033E750227BF08980064BD03 /* Debug */,
				033E750327BF08980064BD03 /* Release */,
			);
			defaultConfigurationIsVisible = 0;
			defaultConfigurationName = Release;
		};
/* End XCConfigurationList section */
	};
	rootObject = 033E74C327BF08960064BD03 /* Project object */;
}
